dependencies:
- name: opensearch
  repository: oci://registry-1.docker.io/bitnamicharts
  version: 1.4.0
- name: postgresql
  repository: oci://registry-1.docker.io/bitnamicharts
  version: 14.3.3
- name: rabbitmq
  repository: oci://registry-1.docker.io/bitnamicharts
  version: 12.9.3
- name: redis
  repository: oci://registry-1.docker.io/bitnamicharts
  version: 18.12.0
- name: minio
  repository: oci://registry-1.docker.io/bitnamicharts
  version: 17.0.2
digest: sha256:3c6e8c6829da35d1215baddfad89335be90104fe147408376a095b4b5d0fb34b
generated: "2025-06-17T15:50:35.575945323+02:00"
